
Microsoft Visual Studio Solution File, Format Version 12.00
# Visual Studio Version 16
VisualStudioVersion = 16.0.31112.23
MinimumVisualStudioVersion = 10.0.40219.1
Project("{FAE04EC0-301F-11D3-BF4B-00C04F79EFBC}") = "Nutshell", "Nutshell\Nutshell.csproj", "{1FD7EB1F-4420-4C69-BEC1-0C2DC8E66AF7}"
EndProject
Global
	GlobalSection(SolutionConfigurationPlatforms) = preSolution
		Debug|Any CPU = Debug|Any CPU
		Release|Any CPU = Release|Any CPU
	EndGlobalSection
	GlobalSection(ProjectConfigurationPlatforms) = postSolution
		{1FD7EB1F-4420-4C69-BEC1-0C2DC8E66AF7}.Debug|Any CPU.ActiveCfg = Debug|Any CPU
		{1FD7EB1F-4420-4C69-BEC1-0C2DC8E66AF7}.Debug|Any CPU.Build.0 = Debug|Any CPU
		{1FD7EB1F-4420-4C69-BEC1-0C2DC8E66AF7}.Release|Any CPU.ActiveCfg = Release|Any CPU
		{1FD7EB1F-4420-4C69-BEC1-0C2DC8E66AF7}.Release|Any CPU.Build.0 = Release|Any CPU
	EndGlobalSection
	GlobalSection(SolutionProperties) = preSolution
		HideSolutionNode = FALSE
	EndGlobalSection
	GlobalSection(ExtensibilityGlobals) = postSolution
		SolutionGuid = {91081774-E873-415C-962E-101890DEA1A6}
	EndGlobalSection
EndGlobal
